PODS:
  - AFWLog (3.0.0.20170315)
  - OCAnnotation (1.0.0.20170304):
    - AFWLog

DEPENDENCIES:
  - OCAnnotation

SPEC CHECKSUMS:
  AFWLog: 6702c8905841f11e87045b6aa2305d97a9ccbbb1
  OCAnnotation: 2f908a498d1fec192891a1a52b20815e4814913d

PODFILE CHECKSUM: f296438ca859610fb25accb77c38fd7491f6275b

COCOAPODS: 1.0.1
